
Microsoft Visual Studio Solution File, Format Version 12.00
Project("{2150E333-8FDC-42A3-9474-1A3956D46DE8}") = "Shared", "Shared", "{A6D81D70-E6E9-4C45-AFB1-74540E2B4A01}"
EndProject
Project("{2150E333-8FDC-42A3-9474-1A3956D46DE8}") = "Services", "Services", "{119A5C6F-D141-41B0-A317-06D84914033A}"
EndProject
Project("{FAE04EC0-301F-11D3-BF4B-00C04F79EFBC}") = "Shared.Application.Agents", "Shared.Application.Agents\Shared.Application.Agents.csproj", "{983D624C-8A22-4C4E-8E83-13A8C731B04B}"
EndProject
Project("{FAE04EC0-301F-11D3-BF4B-00C04F79EFBC}") = "Shared.Application.Agents.Communication", "Shared.Application.Agents.Communication\Shared.Application.Agents.Communication.csproj", "{4A34A0FB-D16E-4BAC-A4D4-A5C692D901FB}"
EndProject
Project("{FAE04EC0-301F-11D3-BF4B-00C04F79EFBC}") = "Shared.Application.Integration", "Shared.Application.Integration\Shared.Application.Integration.csproj", "{7F7CE58D-3537-41E4-9647-9AF169F6AB73}"
EndProject
Project("{FAE04EC0-301F-11D3-BF4B-00C04F79EFBC}") = "Shared.Infrastructure", "Shared.Infrastructure\Shared.Infrastructure.csproj", "{854E6180-5A4C-4C7C-9CF3-799AAFC15309}"
EndProject
Project("{2150E333-8FDC-42A3-9474-1A3956D46DE8}") = "HqService", "HqService", "{AC3F14D1-F4CF-4B26-9127-4970537765C4}"
EndProject
Project("{FAE04EC0-301F-11D3-BF4B-00C04F79EFBC}") = "HqService.Service", "HqService.Service\HqService.Service.csproj", "{05226E1A-B4EA-4269-B384-A2708DEF414E}"
EndProject
Project("{FAE04EC0-301F-11D3-BF4B-00C04F79EFBC}") = "HqService.Infrastructure", "HqService.Infrastructure\HqService.Infrastructure.csproj", "{35CD2FF8-AD66-4A15-AFA7-9B92723F45F6}"
EndProject
Project("{FAE04EC0-301F-11D3-BF4B-00C04F79EFBC}") = "HqService.Application", "HqService.Application\HqService.Application.csproj", "{C82C4E0F-DAE5-4AB8-8ECC-DF49F4869B6E}"
EndProject
Project("{FAE04EC0-301F-11D3-BF4B-00C04F79EFBC}") = "Shared.Application", "Shared.Application\Shared.Application.csproj", "{5EBFAD4E-B732-47B7-A70C-52EE600C82EA}"
EndProject
Project("{FAE04EC0-301F-11D3-BF4B-00C04F79EFBC}") = "Shared.Domain", "Shared.Domain\Shared.Domain.csproj", "{3040E71C-6F5D-4950-91F6-226B00F2D71B}"
EndProject
Project("{2150E333-8FDC-42A3-9474-1A3956D46DE8}") = "Simulation", "Simulation", "{5BB8543B-81BF-4BA5-BDAA-BDF69B7A51D8}"
EndProject
Project("{FAE04EC0-301F-11D3-BF4B-00C04F79EFBC}") = "Simulation.Shared", "Simulation.Shared\Simulation.Shared.csproj", "{486D890B-03D8-4F1C-AAAF-A4FAF81FAC16}"
EndProject
Project("{FAE04EC0-301F-11D3-BF4B-00C04F79EFBC}") = "Simulation.Application", "Simulation.Application\Simulation.Application.csproj", "{981BD3F3-D0B7-4305-949F-7D33C123EC29}"
EndProject
Project("{FAE04EC0-301F-11D3-BF4B-00C04F79EFBC}") = "Simulation.Infrastructure", "Simulation.Infrastructure\Simulation.Infrastructure.csproj", "{9681FF94-E61E-40B6-B8F0-EBEFDE5FDB19}"
EndProject
Project("{FAE04EC0-301F-11D3-BF4B-00C04F79EFBC}") = "Simulation.Simulation", "Simulation.Simulation\Simulation.Simulation.csproj", "{1C226D45-8E23-4280-B23F-A96F95E70CE5}"
EndProject
Global
	GlobalSection(SolutionConfigurationPlatforms) = preSolution
		Debug|Any CPU = Debug|Any CPU
		Release|Any CPU = Release|Any CPU
	EndGlobalSection
	GlobalSection(ProjectConfigurationPlatforms) = postSolution
		{983D624C-8A22-4C4E-8E83-13A8C731B04B}.Debug|Any CPU.ActiveCfg = Debug|Any CPU
		{983D624C-8A22-4C4E-8E83-13A8C731B04B}.Debug|Any CPU.Build.0 = Debug|Any CPU
		{983D624C-8A22-4C4E-8E83-13A8C731B04B}.Release|Any CPU.ActiveCfg = Release|Any CPU
		{983D624C-8A22-4C4E-8E83-13A8C731B04B}.Release|Any CPU.Build.0 = Release|Any CPU
		{4A34A0FB-D16E-4BAC-A4D4-A5C692D901FB}.Debug|Any CPU.ActiveCfg = Debug|Any CPU
		{4A34A0FB-D16E-4BAC-A4D4-A5C692D901FB}.Debug|Any CPU.Build.0 = Debug|Any CPU
		{4A34A0FB-D16E-4BAC-A4D4-A5C692D901FB}.Release|Any CPU.ActiveCfg = Release|Any CPU
		{4A34A0FB-D16E-4BAC-A4D4-A5C692D901FB}.Release|Any CPU.Build.0 = Release|Any CPU
		{7F7CE58D-3537-41E4-9647-9AF169F6AB73}.Debug|Any CPU.ActiveCfg = Debug|Any CPU
		{7F7CE58D-3537-41E4-9647-9AF169F6AB73}.Debug|Any CPU.Build.0 = Debug|Any CPU
		{7F7CE58D-3537-41E4-9647-9AF169F6AB73}.Release|Any CPU.ActiveCfg = Release|Any CPU
		{7F7CE58D-3537-41E4-9647-9AF169F6AB73}.Release|Any CPU.Build.0 = Release|Any CPU
		{854E6180-5A4C-4C7C-9CF3-799AAFC15309}.Debug|Any CPU.ActiveCfg = Debug|Any CPU
		{854E6180-5A4C-4C7C-9CF3-799AAFC15309}.Debug|Any CPU.Build.0 = Debug|Any CPU
		{854E6180-5A4C-4C7C-9CF3-799AAFC15309}.Release|Any CPU.ActiveCfg = Release|Any CPU
		{854E6180-5A4C-4C7C-9CF3-799AAFC15309}.Release|Any CPU.Build.0 = Release|Any CPU
		{05226E1A-B4EA-4269-B384-A2708DEF414E}.Debug|Any CPU.ActiveCfg = Debug|Any CPU
		{05226E1A-B4EA-4269-B384-A2708DEF414E}.Debug|Any CPU.Build.0 = Debug|Any CPU
		{05226E1A-B4EA-4269-B384-A2708DEF414E}.Release|Any CPU.ActiveCfg = Release|Any CPU
		{05226E1A-B4EA-4269-B384-A2708DEF414E}.Release|Any CPU.Build.0 = Release|Any CPU
		{35CD2FF8-AD66-4A15-AFA7-9B92723F45F6}.Debug|Any CPU.ActiveCfg = Debug|Any CPU
		{35CD2FF8-AD66-4A15-AFA7-9B92723F45F6}.Debug|Any CPU.Build.0 = Debug|Any CPU
		{35CD2FF8-AD66-4A15-AFA7-9B92723F45F6}.Release|Any CPU.ActiveCfg = Release|Any CPU
		{35CD2FF8-AD66-4A15-AFA7-9B92723F45F6}.Release|Any CPU.Build.0 = Release|Any CPU
		{C82C4E0F-DAE5-4AB8-8ECC-DF49F4869B6E}.Debug|Any CPU.ActiveCfg = Debug|Any CPU
		{C82C4E0F-DAE5-4AB8-8ECC-DF49F4869B6E}.Debug|Any CPU.Build.0 = Debug|Any CPU
		{C82C4E0F-DAE5-4AB8-8ECC-DF49F4869B6E}.Release|Any CPU.ActiveCfg = Release|Any CPU
		{C82C4E0F-DAE5-4AB8-8ECC-DF49F4869B6E}.Release|Any CPU.Build.0 = Release|Any CPU
		{5EBFAD4E-B732-47B7-A70C-52EE600C82EA}.Debug|Any CPU.ActiveCfg = Debug|Any CPU
		{5EBFAD4E-B732-47B7-A70C-52EE600C82EA}.Debug|Any CPU.Build.0 = Debug|Any CPU
		{5EBFAD4E-B732-47B7-A70C-52EE600C82EA}.Release|Any CPU.ActiveCfg = Release|Any CPU
		{5EBFAD4E-B732-47B7-A70C-52EE600C82EA}.Release|Any CPU.Build.0 = Release|Any CPU
		{3040E71C-6F5D-4950-91F6-226B00F2D71B}.Debug|Any CPU.ActiveCfg = Debug|Any CPU
		{3040E71C-6F5D-4950-91F6-226B00F2D71B}.Debug|Any CPU.Build.0 = Debug|Any CPU
		{3040E71C-6F5D-4950-91F6-226B00F2D71B}.Release|Any CPU.ActiveCfg = Release|Any CPU
		{3040E71C-6F5D-4950-91F6-226B00F2D71B}.Release|Any CPU.Build.0 = Release|Any CPU
		{486D890B-03D8-4F1C-AAAF-A4FAF81FAC16}.Debug|Any CPU.ActiveCfg = Debug|Any CPU
		{486D890B-03D8-4F1C-AAAF-A4FAF81FAC16}.Debug|Any CPU.Build.0 = Debug|Any CPU
		{486D890B-03D8-4F1C-AAAF-A4FAF81FAC16}.Release|Any CPU.ActiveCfg = Release|Any CPU
		{486D890B-03D8-4F1C-AAAF-A4FAF81FAC16}.Release|Any CPU.Build.0 = Release|Any CPU
		{981BD3F3-D0B7-4305-949F-7D33C123EC29}.Debug|Any CPU.ActiveCfg = Debug|Any CPU
		{981BD3F3-D0B7-4305-949F-7D33C123EC29}.Debug|Any CPU.Build.0 = Debug|Any CPU
		{981BD3F3-D0B7-4305-949F-7D33C123EC29}.Release|Any CPU.ActiveCfg = Release|Any CPU
		{981BD3F3-D0B7-4305-949F-7D33C123EC29}.Release|Any CPU.Build.0 = Release|Any CPU
		{9681FF94-E61E-40B6-B8F0-EBEFDE5FDB19}.Debug|Any CPU.ActiveCfg = Debug|Any CPU
		{9681FF94-E61E-40B6-B8F0-EBEFDE5FDB19}.Debug|Any CPU.Build.0 = Debug|Any CPU
		{9681FF94-E61E-40B6-B8F0-EBEFDE5FDB19}.Release|Any CPU.ActiveCfg = Release|Any CPU
		{9681FF94-E61E-40B6-B8F0-EBEFDE5FDB19}.Release|Any CPU.Build.0 = Release|Any CPU
		{1C226D45-8E23-4280-B23F-A96F95E70CE5}.Debug|Any CPU.ActiveCfg = Debug|Any CPU
		{1C226D45-8E23-4280-B23F-A96F95E70CE5}.Debug|Any CPU.Build.0 = Debug|Any CPU
		{1C226D45-8E23-4280-B23F-A96F95E70CE5}.Release|Any CPU.ActiveCfg = Release|Any CPU
		{1C226D45-8E23-4280-B23F-A96F95E70CE5}.Release|Any CPU.Build.0 = Release|Any CPU
	EndGlobalSection
	GlobalSection(NestedProjects) = preSolution
		{983D624C-8A22-4C4E-8E83-13A8C731B04B} = {A6D81D70-E6E9-4C45-AFB1-74540E2B4A01}
		{4A34A0FB-D16E-4BAC-A4D4-A5C692D901FB} = {A6D81D70-E6E9-4C45-AFB1-74540E2B4A01}
		{7F7CE58D-3537-41E4-9647-9AF169F6AB73} = {A6D81D70-E6E9-4C45-AFB1-74540E2B4A01}
		{854E6180-5A4C-4C7C-9CF3-799AAFC15309} = {A6D81D70-E6E9-4C45-AFB1-74540E2B4A01}
		{AC3F14D1-F4CF-4B26-9127-4970537765C4} = {119A5C6F-D141-41B0-A317-06D84914033A}
		{05226E1A-B4EA-4269-B384-A2708DEF414E} = {AC3F14D1-F4CF-4B26-9127-4970537765C4}
		{35CD2FF8-AD66-4A15-AFA7-9B92723F45F6} = {AC3F14D1-F4CF-4B26-9127-4970537765C4}
		{C82C4E0F-DAE5-4AB8-8ECC-DF49F4869B6E} = {AC3F14D1-F4CF-4B26-9127-4970537765C4}
		{5EBFAD4E-B732-47B7-A70C-52EE600C82EA} = {A6D81D70-E6E9-4C45-AFB1-74540E2B4A01}
		{3040E71C-6F5D-4950-91F6-226B00F2D71B} = {A6D81D70-E6E9-4C45-AFB1-74540E2B4A01}
		{486D890B-03D8-4F1C-AAAF-A4FAF81FAC16} = {5BB8543B-81BF-4BA5-BDAA-BDF69B7A51D8}
		{981BD3F3-D0B7-4305-949F-7D33C123EC29} = {5BB8543B-81BF-4BA5-BDAA-BDF69B7A51D8}
		{9681FF94-E61E-40B6-B8F0-EBEFDE5FDB19} = {5BB8543B-81BF-4BA5-BDAA-BDF69B7A51D8}
		{1C226D45-8E23-4280-B23F-A96F95E70CE5} = {5BB8543B-81BF-4BA5-BDAA-BDF69B7A51D8}
	EndGlobalSection
EndGlobal
